
Microsoft Visual Studio Solution File, Format Version 12.00
# Visual Studio Version 16
VisualStudioVersion = 16.0.30907.101
MinimumVisualStudioVersion = 10.0.40219.1
Project("{FAE04EC0-301F-11D3-BF4B-00C04F79EFBC}") = "cryptocuwwency", "cryptocuwwency\cryptocuwwency.csproj", "{0902742C-3B30-4938-8395-82E9C4BA048F}"
EndProject
Global
	GlobalSection(SolutionConfigurationPlatforms) = preSolution
		Debug|Any CPU = Debug|Any CPU
		Release|Any CPU = Release|Any CPU
	EndGlobalSection
	GlobalSection(ProjectConfigurationPlatforms) = postSolution
		{0902742C-3B30-4938-8395-82E9C4BA048F}.Debug|Any CPU.ActiveCfg = Debug|Any CPU
		{0902742C-3B30-4938-8395-82E9C4BA048F}.Debug|Any CPU.Build.0 = Debug|Any CPU
		{0902742C-3B30-4938-8395-82E9C4BA048F}.Release|Any CPU.ActiveCfg = Release|Any CPU
		{0902742C-3B30-4938-8395-82E9C4BA048F}.Release|Any CPU.Build.0 = Release|Any CPU
	EndGlobalSection
	GlobalSection(SolutionProperties) = preSolution
		HideSolutionNode = FALSE
	EndGlobalSection
	GlobalSection(ExtensibilityGlobals) = postSolution
		SolutionGuid = {B5D47306-FE9C-48BC-AC9A-07C0B6A5D7F8}
	EndGlobalSection
EndGlobal
